
Microsoft Visual Studio Solution File, Format Version 12.00
# Visual Studio 15
VisualStudioVersion = 15.0.27130.0
MinimumVisualStudioVersion = 10.0.40219.1
Project("{E24C65DC-7377-472B-9ABA-BC803B73C61A}") = "WebSite6", "WebSite6\", "{444BB878-F58F-468B-BBD5-E0FC323E905E}"
	ProjectSection(WebsiteProperties) = preProject
		TargetFrameworkMoniker = ".NETFramework,Version%3Dv4.6.1"
		Debug.AspNetCompiler.VirtualPath = "/localhost_58141"
		Debug.AspNetCompiler.PhysicalPath = "WebSite6\"
		Debug.AspNetCompiler.TargetPath = "PrecompiledWeb\localhost_58141\"
		Debug.AspNetCompiler.Updateable = "true"
		Debug.AspNetCompiler.ForceOverwrite = "true"
		Debug.AspNetCompiler.FixedNames = "false"
		Debug.AspNetCompiler.Debug = "True"
		Release.AspNetCompiler.VirtualPath = "/localhost_58141"
		Release.AspNetCompiler.PhysicalPath = "WebSite6\"
		Release.AspNetCompiler.TargetPath = "PrecompiledWeb\localhost_58141\"
		Release.AspNetCompiler.Updateable = "true"
		Release.AspNetCompiler.ForceOverwrite = "true"
		Release.AspNetCompiler.FixedNames = "false"
		Release.AspNetCompiler.Debug = "False"
		VWDPort = "58141"
		SlnRelativePath = "WebSite6\"
		DefaultWebSiteLanguage = "Visual C#"
	EndProjectSection
EndProject
Global
	GlobalSection(SolutionConfigurationPlatforms) = preSolution
		Debug|Any CPU = Debug|Any CPU
	EndGlobalSection
	GlobalSection(ProjectConfigurationPlatforms) = postSolution
		{444BB878-F58F-468B-BBD5-E0FC323E905E}.Debug|Any CPU.ActiveCfg = Debug|Any CPU
		{444BB878-F58F-468B-BBD5-E0FC323E905E}.Debug|Any CPU.Build.0 = Debug|Any CPU
	EndGlobalSection
	GlobalSection(SolutionProperties) = preSolution
		HideSolutionNode = FALSE
	EndGlobalSection
	GlobalSection(ExtensibilityGlobals) = postSolution
		SolutionGuid = {F5EB5DC2-6455-4CDB-85B2-E3EB40E65B8A}
	EndGlobalSection
EndGlobal
