
Microsoft Visual Studio Solution File, Format Version 12.00
# Visual Studio 15
VisualStudioVersion = 15.0.28010.2016
MinimumVisualStudioVersion = 10.0.40219.1
Project("{E24C65DC-7377-472B-9ABA-BC803B73C61A}") = "WebSite18", "WebSite18\", "{D465822A-9F25-43EE-BC00-857B689E07E3}"
	ProjectSection(WebsiteProperties) = preProject
		TargetFrameworkMoniker = ".NETFramework,Version%3Dv4.6.1"
		Debug.AspNetCompiler.VirtualPath = "/localhost_52736"
		Debug.AspNetCompiler.PhysicalPath = "WebSite18\"
		Debug.AspNetCompiler.TargetPath = "PrecompiledWeb\localhost_52736\"
		Debug.AspNetCompiler.Updateable = "true"
		Debug.AspNetCompiler.ForceOverwrite = "true"
		Debug.AspNetCompiler.FixedNames = "false"
		Debug.AspNetCompiler.Debug = "True"
		Release.AspNetCompiler.VirtualPath = "/localhost_52736"
		Release.AspNetCompiler.PhysicalPath = "WebSite18\"
		Release.AspNetCompiler.TargetPath = "PrecompiledWeb\localhost_52736\"
		Release.AspNetCompiler.Updateable = "true"
		Release.AspNetCompiler.ForceOverwrite = "true"
		Release.AspNetCompiler.FixedNames = "false"
		Release.AspNetCompiler.Debug = "False"
		VWDPort = "52736"
		SlnRelativePath = "WebSite18\"
		DefaultWebSiteLanguage = "Visual C#"
	EndProjectSection
EndProject
Global
	GlobalSection(SolutionConfigurationPlatforms) = preSolution
		Debug|Any CPU = Debug|Any CPU
	EndGlobalSection
	GlobalSection(ProjectConfigurationPlatforms) = postSolution
		{D465822A-9F25-43EE-BC00-857B689E07E3}.Debug|Any CPU.ActiveCfg = Debug|Any CPU
		{D465822A-9F25-43EE-BC00-857B689E07E3}.Debug|Any CPU.Build.0 = Debug|Any CPU
	EndGlobalSection
	GlobalSection(SolutionProperties) = preSolution
		HideSolutionNode = FALSE
	EndGlobalSection
	GlobalSection(ExtensibilityGlobals) = postSolution
		SolutionGuid = {9CA739E9-A501-4908-8C5A-62745A65B58E}
	EndGlobalSection
EndGlobal
